
Microsoft Visual Studio Solution File, Format Version 12.00
# Visual Studio 15
Project("{FAE04EC0-301F-11D3-BF4B-00C04F79EFBC}") = "AlgoStudy", "AlgoStudy\AlgoStudy.csproj", "{2A928C72-05A1-4BB2-88ED-04DE2EE60D76}"
EndProject
Global
	GlobalSection(SolutionConfigurationPlatforms) = preSolution
		Debug|anycpu = Debug|anycpu
		Release|anycpu = Release|anycpu
	EndGlobalSection
	GlobalSection(ProjectConfigurationPlatforms) = postSolution
		{2A928C72-05A1-4BB2-88ED-04DE2EE60D76}.Debug|anycpu.ActiveCfg = Debug|anycpu
		{2A928C72-05A1-4BB2-88ED-04DE2EE60D76}.Debug|anycpu.Build.0 = Debug|anycpu
		{2A928C72-05A1-4BB2-88ED-04DE2EE60D76}.Release|anycpu.ActiveCfg = Release|anycpu
		{2A928C72-05A1-4BB2-88ED-04DE2EE60D76}.Release|anycpu.Build.0 = Release|anycpu
	EndGlobalSection
EndGlobal
